// !$*UTF8*$!
{
	archiveVersion = 1;
	classes = {
	};
	objectVersion = 77;
	objects = {

/* Begin PBXContainerItemProxy section */
		3ADF1E9B2E52CB7100264A08 /* PBXContainerItemProxy */ = {
			isa = PBXContainerItemProxy;
			containerPortal = 3ADF1E822E52CB6E00264A08 /* Project object */;
			proxyType = 1;
			remoteGlobalIDString = 3ADF1E892E52CB6F00264A08;
			remoteInfo = FXBuggy;
		};
		3ADF1EA52E52CB7100264A08 /* PBXContainerItemProxy */ = {
			isa = PBXContainerItemProxy;
			containerPortal = 3ADF1E822E52CB6E00264A08 /* Project object */;
			proxyType = 1;
			remoteGlobalIDString = 3ADF1E892E52CB6F00264A08;
			remoteInfo = FXBuggy;
		};
/* End PBXContainerItemProxy section */

/* Begin PBXFileReference section */
		3ADF1E8A2E52CB6F00264A08 /* FXBuggy.app */ = {isa = PBXFileReference; explicitFileType = wrapper.application; includeInIndex = 0; path = FXBuggy.app; sourceTree = BUILT_PRODUCTS_DIR; };
		3ADF1E9A2E52CB7100264A08 /* FXBuggyTests.xctest */ = {isa = PBXFileReference; explicitFileType = wrapper.cfbundle; includeInIndex = 0; path = FXBuggyTests.xctest; sourceTree = BUILT_PRODUCTS_DIR; };
		3ADF1EA42E52CB7100264A08 /* FXBuggyUITests.xctest */ = {isa = PBXFileReference; explicitFileType = wrapper.cfbundle; includeInIndex = 0; path = FXBuggyUITests.xctest; sourceTree = BUILT_PRODUCTS_DIR; };
/* End PBXFileReference section */

/* Begin PBXFileSystemSynchronizedGroupBuildPhaseMembershipExceptionSet section */
		3ADF1EBD2E52CD1C00264A08 /* Exceptions for "FXBuggy" folder in "Compile Sources" phase from "FXBuggy" target */ = {
			isa = PBXFileSystemSynchronizedGroupBuildPhaseMembershipExceptionSet;
			buildPhase = 3ADF1E862E52CB6F00264A08 /* Sources */;
			membershipExceptions = (
				Resources/currencies.json,
				Resources/rates.json,
			);
		};
/* End PBXFileSystemSynchronizedGroupBuildPhaseMembershipExceptionSet section */

/* Begin PBXFileSystemSynchronizedRootGroup section */
		3ADF1E8C2E52CB6F00264A08 /* FXBuggy */ = {
			isa = PBXFileSystemSynchronizedRootGroup;
			exceptions = (
				3ADF1EBD2E52CD1C00264A08 /* Exceptions for "FXBuggy" folder in "Compile Sources" phase from "FXBuggy" target */,
			);
			path = FXBuggy;
			sourceTree = "<group>";
		};
		3ADF1E9D2E52CB7100264A08 /* FXBuggyTests */ = {
			isa = PBXFileSystemSynchronizedRootGroup;
			path = FXBuggyTests;
			sourceTree = "<group>";
		};
		3ADF1EA72E52CB7100264A08 /* FXBuggyUITests */ = {
			isa = PBXFileSystemSynchronizedRootGroup;
			path = FXBuggyUITests;
			sourceTree = "<group>";
		};
/* End PBXFileSystemSynchronizedRootGroup section */

/* Begin PBXFrameworksBuildPhase section */
		3ADF1E872E52CB6F00264A08 /* Frameworks */ = {
			isa = PBXFrameworksBuildPhase;
			buildActionMask = 2147483647;
			files = (
			);
			runOnlyForDeploymentPostprocessing = 0;
		};
		3ADF1E972E52CB7100264A08 /* Frameworks */ = {
			isa = PBXFrameworksBuildPhase;
			buildActionMask = 2147483647;
			files = (
			);
			runOnlyForDeploymentPostprocessing = 0;
		};
		3ADF1EA12E52CB7100264A08 /* Frameworks */ = {
			isa = PBXFrameworksBuildPhase;
			buildActionMask = 2147483647;
			files = (
			);
			runOnlyForDeploymentPostprocessing = 0;
		};
/* End PBXFrameworksBuildPhase section */

/* Begin PBXGroup section */
		3ADF1E812E52CB6E00264A08 = {
			isa = PBXGroup;
			children = (
				3ADF1E8C2E52CB6F00264A08 /* FXBuggy */,
				3ADF1E9D2E52CB7100264A08 /* FXBuggyTests */,
				3ADF1EA72E52CB7100264A08 /* FXBuggyUITests */,
				3ADF1E8B2E52CB6F00264A08 /* Products */,
			);
			sourceTree = "<group>";
		};
		3ADF1E8B2E52CB6F00264A08 /* Products */ = {
			isa = PBXGroup;
			children = (
				3ADF1E8A2E52CB6F00264A08 /* FXBuggy.app */,
				3ADF1E9A2E52CB7100264A08 /* FXBuggyTests.xctest */,
				3ADF1EA42E52CB7100264A08 /* FXBuggyUITests.xctest */,
			);
			name = Products;
			sourceTree = "<group>";
		};
/* End PBXGroup section */

/* Begin PBXNativeTarget section */
		3ADF1E892E52CB6F00264A08 /* FXBuggy */ = {
			isa = PBXNativeTarget;
			buildConfigurationList = 3ADF1EAE2E52CB7100264A08 /* Build configuration list for PBXNativeTarget "FXBuggy" */;
			buildPhases = (
				3ADF1E862E52CB6F00264A08 /* Sources */,
				3ADF1E872E52CB6F00264A08 /* Frameworks */,
				3ADF1E882E52CB6F00264A08 /* Resources */,
			);
			buildRules = (
			);
			dependencies = (
			);
			fileSystemSynchronizedGroups = (
				3ADF1E8C2E52CB6F00264A08 /* FXBuggy */,
			);
			name = FXBuggy;
			packageProductDependencies = (
			);
			productName = FXBuggy;
			productReference = 3ADF1E8A2E52CB6F00264A08 /* FXBuggy.app */;
			productType = "com.apple.product-type.application";
		};
		3ADF1E992E52CB7100264A08 /* FXBuggyTests */ = {
			isa = PBXNativeTarget;
			buildConfigurationList = 3ADF1EB12E52CB7100264A08 /* Build configuration list for PBXNativeTarget "FXBuggyTests" */;
			buildPhases = (
				3ADF1E962E52CB7100264A08 /* Sources */,
				3ADF1E972E52CB7100264A08 /* Frameworks */,
				3ADF1E982E52CB7100264A08 /* Resources */,
			);
			buildRules = (
			);
			dependencies = (
				3ADF1E9C2E52CB7100264A08 /* PBXTargetDependency */,
			);
			fileSystemSynchronizedGroups = (
				3ADF1E9D2E52CB7100264A08 /* FXBuggyTests */,
			);
			name = FXBuggyTests;
			packageProductDependencies = (
			);
			productName = FXBuggyTests;
			productReference = 3ADF1E9A2E52CB7100264A08 /* FXBuggyTests.xctest */;
			productType = "com.apple.product-type.bundle.unit-test";
		};
		3ADF1EA32E52CB7100264A08 /* FXBuggyUITests */ = {
			isa = PBXNativeTarget;
			buildConfigurationList = 3ADF1EB42E52CB7100264A08 /* Build configuration list for PBXNativeTarget "FXBuggyUITests" */;
			buildPhases = (
				3ADF1EA02E52CB7100264A08 /* Sources */,
				3ADF1EA12E52CB7100264A08 /* Frameworks */,
				3ADF1EA22E52CB7100264A08 /* Resources */,
			);
			buildRules = (
			);
			dependencies = (
				3ADF1EA62E52CB7100264A08 /* PBXTargetDependency */,
			);
			fileSystemSynchronizedGroups = (
				3ADF1EA72E52CB7100264A08 /* FXBuggyUITests */,
			);
			name = FXBuggyUITests;
			packageProductDependencies = (
			);
			productName = FXBuggyUITests;
			productReference = 3ADF1EA42E52CB7100264A08 /* FXBuggyUITests.xctest */;
			productType = "com.apple.product-type.bundle.ui-testing";
		};
/* End PBXNativeTarget section */

/* Begin PBXProject section */
		3ADF1E822E52CB6E00264A08 /* Project object */ = {
			isa = PBXProject;
			attributes = {
				BuildIndependentTargetsInParallel = 1;
				LastSwiftUpdateCheck = 1620;
				LastUpgradeCheck = 1620;
				TargetAttributes = {
					3ADF1E892E52CB6F00264A08 = {
						CreatedOnToolsVersion = 16.2;
					};
					3ADF1E992E52CB7100264A08 = {
						CreatedOnToolsVersion = 16.2;
						TestTargetID = 3ADF1E892E52CB6F00264A08;
					};
					3ADF1EA32E52CB7100264A08 = {
						CreatedOnToolsVersion = 16.2;
						TestTargetID = 3ADF1E892E52CB6F00264A08;
					};
				};
			};
			buildConfigurationList = 3ADF1E852E52CB6F00264A08 /* Build configuration list for PBXProject "FXBuggy" */;
			developmentRegion = en;
			hasScannedForEncodings = 0;
			knownRegions = (
				en,
				Base,
			);
			mainGroup = 3ADF1E812E52CB6E00264A08;
			minimizedProjectReferenceProxies = 1;
			preferredProjectObjectVersion = 77;
			productRefGroup = 3ADF1E8B2E52CB6F00264A08 /* Products */;
			projectDirPath = "";
			projectRoot = "";
			targets = (
				3ADF1E892E52CB6F00264A08 /* FXBuggy */,
				3ADF1E992E52CB7100264A08 /* FXBuggyTests */,
				3ADF1EA32E52CB7100264A08 /* FXBuggyUITests */,
			);
		};
/* End PBXProject section */

/* Begin PBXResourcesBuildPhase section */
		3ADF1E882E52CB6F00264A08 /* Resources */ = {
			isa = PBXResourcesBuildPhase;
			buildActionMask = 2147483647;
			files = (
			);
			runOnlyForDeploymentPostprocessing = 0;
		};
		3ADF1E982E52CB7100264A08 /* Resources */ = {
			isa = PBXResourcesBuildPhase;
			buildActionMask = 2147483647;
			files = (
			);
			runOnlyForDeploymentPostprocessing = 0;
		};
		3ADF1EA22E52CB7100264A08 /* Resources */ = {
			isa = PBXResourcesBuildPhase;
			buildActionMask = 2147483647;
			files = (
			);
			runOnlyForDeploymentPostprocessing = 0;
		};
/* End PBXResourcesBuildPhase section */

/* Begin PBXSourcesBuildPhase section */
		3ADF1E862E52CB6F00264A08 /* Sources */ = {
			isa = PBXSourcesBuildPhase;
			buildActionMask = 2147483647;
			files = (
			);
			runOnlyForDeploymentPostprocessing = 0;
		};
		3ADF1E962E52CB7100264A08 /* Sources */ = {
			isa = PBXSourcesBuildPhase;
			buildActionMask = 2147483647;
			files = (
			);
			runOnlyForDeploymentPostprocessing = 0;
		};
		3ADF1EA02E52CB7100264A08 /* Sources */ = {
			isa = PBXSourcesBuildPhase;
			buildActionMask = 2147483647;
			files = (
			);
			runOnlyForDeploymentPostprocessing = 0;
		};
/* End PBXSourcesBuildPhase section */

/* Begin PBXTargetDependency section */
		3ADF1E9C2E52CB7100264A08 /* PBXTargetDependency */ = {
			isa = PBXTargetDependency;
			target = 3ADF1E892E52CB6F00264A08 /* FXBuggy */;
			targetProxy = 3ADF1E9B2E52CB7100264A08 /* PBXContainerItemProxy */;
		};
		3ADF1EA62E52CB7100264A08 /* PBXTargetDependency */ = {
			isa = PBXTargetDependency;
			target = 3ADF1E892E52CB6F00264A08 /* FXBuggy */;
			targetProxy = 3ADF1EA52E52CB7100264A08 /* PBXContainerItemProxy */;
		};
/* End PBXTargetDependency section */

/* Begin XCBuildConfiguration section */
		3ADF1EAC2E52CB7100264A08 /* Debug */ = {
			isa = XCBuildConfiguration;
			buildSettings = {
				ALWAYS_SEARCH_USER_PATHS = NO;
				ASSETCATALOG_COMPILER_GENERATE_SWIFT_ASSET_SYMBOL_EXTENSIONS = YES;
				CLANG_ANALYZER_NONNULL = YES;
				CLANG_ANALYZER_NUMBER_OBJECT_CONVERSION = YES_AGGRESSIVE;
				CLANG_CXX_LANGUAGE_STANDARD = "gnu++20";
				CLANG_ENABLE_MODULES = YES;
				CLANG_ENABLE_OBJC_ARC = YES;
				CLANG_ENABLE_OBJC_WEAK = YES;
				CLANG_WARN_BLOCK_CAPTURE_AUTORELEASING = YES;
				CLANG_WARN_BOOL_CONVERSION = YES;
				CLANG_WARN_COMMA = YES;
				CLANG_WARN_CONSTANT_CONVERSION = YES;
				CLANG_WARN_DEPRECATED_OBJC_IMPLEMENTATIONS = YES;
				CLANG_WARN_DIRECT_OBJC_ISA_USAGE = YES_ERROR;
				CLANG_WARN_DOCUMENTATION_COMMENTS = YES;
				CLANG_WARN_EMPTY_BODY = YES;
				CLANG_WARN_ENUM_CONVERSION = YES;
				CLANG_WARN_INFINITE_RECURSION = YES;
				CLANG_WARN_INT_CONVERSION = YES;
				CLANG_WARN_NON_LITERAL_NULL_CONVERSION = YES;
				CLANG_WARN_OBJC_IMPLICIT_RETAIN_SELF = YES;
				CLANG_WARN_OBJC_LITERAL_CONVERSION = YES;
				CLANG_WARN_OBJC_ROOT_CLASS = YES_ERROR;
				CLANG_WARN_QUOTED_INCLUDE_IN_FRAMEWORK_HEADER = YES;
				CLANG_WARN_RANGE_LOOP_ANALYSIS = YES;
				CLANG_WARN_STRICT_PROTOTYPES = YES;
				CLANG_WARN_SUSPICIOUS_MOVE = YES;
				CLANG_WARN_UNGUARDED_AVAILABILITY = YES_AGGRESSIVE;
				CLANG_WARN_UNREACHABLE_CODE = YES;
				CLANG_WARN__DUPLICATE_METHOD_MATCH = YES;
				COPY_PHASE_STRIP = NO;
				DEBUG_INFORMATION_FORMAT = dwarf;
				ENABLE_STRICT_OBJC_MSGSEND = YES;
				ENABLE_TESTABILITY = YES;
				ENABLE_USER_SCRIPT_SANDBOXING = YES;
				GCC_C_LANGUAGE_STANDARD = gnu17;
				GCC_DYNAMIC_NO_PIC = NO;
				GCC_NO_COMMON_BLOCKS = YES;
				GCC_OPTIMIZATION_LEVEL = 0;
				GCC_PREPROCESSOR_DEFINITIONS = (
					"DEBUG=1",
					"$(inherited)",
				);
				GCC_WARN_64_TO_32_BIT_CONVERSION = YES;
				GCC_WARN_ABOUT_RETURN_TYPE = YES_ERROR;
				GCC_WARN_UNDECLARED_SELECTOR = YES;
				GCC_WARN_UNINITIALIZED_AUTOS = YES_AGGRESSIVE;
				GCC_WARN_UNUSED_FUNCTION = YES;
				GCC_WARN_UNUSED_VARIABLE = YES;
				IPHONEOS_DEPLOYMENT_TARGET = 18.2;
				LOCALIZATION_PREFERS_STRING_CATALOGS = YES;
				MTL_ENABLE_DEBUG_INFO = INCLUDE_SOURCE;
				MTL_FAST_MATH = YES;
				ONLY_ACTIVE_ARCH = YES;
				SDKROOT = iphoneos;
				SWIFT_ACTIVE_COMPILATION_CONDITIONS = "DEBUG $(inherited)";
				SWIFT_OPTIMIZATION_LEVEL = "-Onone";
			};
			name = Debug;
		};
		3ADF1EAD2E52CB7100264A08 /* Release */ = {
			isa = XCBuildConfiguration;
			buildSettings = {
				ALWAYS_SEARCH_USER_PATHS = NO;
				ASSETCATALOG_COMPILER_GENERATE_SWIFT_ASSET_SYMBOL_EXTENSIONS = YES;
				CLANG_ANALYZER_NONNULL = YES;
				CLANG_ANALYZER_NUMBER_OBJECT_CONVERSION = YES_AGGRESSIVE;
				CLANG_CXX_LANGUAGE_STANDARD = "gnu++20";
				CLANG_ENABLE_MODULES = YES;
				CLANG_ENABLE_OBJC_ARC = YES;
				CLANG_ENABLE_OBJC_WEAK = YES;
				CLANG_WARN_BLOCK_CAPTURE_AUTORELEASING = YES;
				CLANG_WARN_BOOL_CONVERSION = YES;
				CLANG_WARN_COMMA = YES;
				CLANG_WARN_CONSTANT_CONVERSION = YES;
				CLANG_WARN_DEPRECATED_OBJC_IMPLEMENTATIONS = YES;
				CLANG_WARN_DIRECT_OBJC_ISA_USAGE = YES_ERROR;
				CLANG_WARN_DOCUMENTATION_COMMENTS = YES;
				CLANG_WARN_EMPTY_BODY = YES;
				CLANG_WARN_ENUM_CONVERSION = YES;
				CLANG_WARN_INFINITE_RECURSION = YES;
				CLANG_WARN_INT_CONVERSION = YES;
				CLANG_WARN_NON_LITERAL_NULL_CONVERSION = YES;
				CLANG_WARN_OBJC_IMPLICIT_RETAIN_SELF = YES;
				CLANG_WARN_OBJC_LITERAL_CONVERSION = YES;
				CLANG_WARN_OBJC_ROOT_CLASS = YES_ERROR;
				CLANG_WARN_QUOTED_INCLUDE_IN_FRAMEWORK_HEADER = YES;
				CLANG_WARN_RANGE_LOOP_ANALYSIS = YES;
				CLANG_WARN_STRICT_PROTOTYPES = YES;
				CLANG_WARN_SUSPICIOUS_MOVE = YES;
				CLANG_WARN_UNGUARDED_AVAILABILITY = YES_AGGRESSIVE;
				CLANG_WARN_UNREACHABLE_CODE = YES;
				CLANG_WARN__DUPLICATE_METHOD_MATCH = YES;
				COPY_PHASE_STRIP = NO;
				DEBUG_INFORMATION_FORMAT = "dwarf-with-dsym";
				ENABLE_NS_ASSERTIONS = NO;
				ENABLE_STRICT_OBJC_MSGSEND = YES;
				ENABLE_USER_SCRIPT_SANDBOXING = YES;
				GCC_C_LANGUAGE_STANDARD = gnu17;
				GCC_NO_COMMON_BLOCKS = YES;
				GCC_WARN_64_TO_32_BIT_CONVERSION = YES;
				GCC_WARN_ABOUT_RETURN_TYPE = YES_ERROR;
				GCC_WARN_UNDECLARED_SELECTOR = YES;
				GCC_WARN_UNINITIALIZED_AUTOS = YES_AGGRESSIVE;
				GCC_WARN_UNUSED_FUNCTION = YES;
				GCC_WARN_UNUSED_VARIABLE = YES;
				IPHONEOS_DEPLOYMENT_TARGET = 18.2;
				LOCALIZATION_PREFERS_STRING_CATALOGS = YES;
				MTL_ENABLE_DEBUG_INFO = NO;
				MTL_FAST_MATH = YES;
				SDKROOT = iphoneos;
				SWIFT_COMPILATION_MODE = wholemodule;
				VALIDATE_PRODUCT = YES;
			};
			name = Release;
		};
		3ADF1EAF2E52CB7100264A08 /* Debug */ = {
			isa = XCBuildConfiguration;
			buildSettings = {
				ASSETCATALOG_COMPILER_APPICON_NAME = AppIcon;
				ASSETCATALOG_COMPILER_GLOBAL_ACCENT_COLOR_NAME = AccentColor;
				CODE_SIGN_STYLE = Automatic;
				CURRENT_PROJECT_VERSION = 1;
				DEVELOPMENT_ASSET_PATHS = "\"FXBuggy/Preview Content\"";
				ENABLE_PREVIEWS = YES;
				GENERATE_INFOPLIST_FILE = YES;
				INFOPLIST_KEY_UIApplicationSceneManifest_Generation = YES;
				INFOPLIST_KEY_UIApplicationSupportsIndirectInputEvents = YES;
				INFOPLIST_KEY_UILaunchScreen_Generation = YES;
				INFOPLIST_KEY_UISupportedInterfaceOrientations_iPad = "UIInterfaceOrientationPortrait UIInterfaceOrientationPortraitUpsideDown UIInterfaceOrientationLandscapeLeft UIInterfaceOrientationLandscapeRight";
				INFOPLIST_KEY_UISupportedInterfaceOrientations_iPhone = "UIInterfaceOrientationPortrait UIInterfaceOrientationLandscapeLeft UIInterfaceOrientationLandscapeRight";
				LD_RUNPATH_SEARCH_PATHS = (
					"$(inherited)",
					"@executable_path/Frameworks",
				);
				MARKETING_VERSION = 1.0;
				PRODUCT_BUNDLE_IDENTIFIER = com.hans.FXBuggy;
				PRODUCT_NAME = "$(TARGET_NAME)";
				SWIFT_EMIT_LOC_STRINGS = YES;
				SWIFT_VERSION = 5.0;
				TARGETED_DEVICE_FAMILY = "1,2";
			};
			name = Debug;
		};
		3ADF1EB02E52CB7100264A08 /* Release */ = {
			isa = XCBuildConfiguration;
			buildSettings = {
				ASSETCATALOG_COMPILER_APPICON_NAME = AppIcon;
				ASSETCATALOG_COMPILER_GLOBAL_ACCENT_COLOR_NAME = AccentColor;
				CODE_SIGN_STYLE = Automatic;
				CURRENT_PROJECT_VERSION = 1;
				DEVELOPMENT_ASSET_PATHS = "\"FXBuggy/Preview Content\"";
				ENABLE_PREVIEWS = YES;
				GENERATE_INFOPLIST_FILE = YES;
				INFOPLIST_KEY_UIApplicationSceneManifest_Generation = YES;
				INFOPLIST_KEY_UIApplicationSupportsIndirectInputEvents = YES;
				INFOPLIST_KEY_UILaunchScreen_Generation = YES;
				INFOPLIST_KEY_UISupportedInterfaceOrientations_iPad = "UIInterfaceOrientationPortrait UIInterfaceOrientationPortraitUpsideDown UIInterfaceOrientationLandscapeLeft UIInterfaceOrientationLandscapeRight";
				INFOPLIST_KEY_UISupportedInterfaceOrientations_iPhone = "UIInterfaceOrientationPortrait UIInterfaceOrientationLandscapeLeft UIInterfaceOrientationLandscapeRight";
				LD_RUNPATH_SEARCH_PATHS = (
					"$(inherited)",
					"@executable_path/Frameworks",
				);
				MARKETING_VERSION = 1.0;
				PRODUCT_BUNDLE_IDENTIFIER = com.hans.FXBuggy;
				PRODUCT_NAME = "$(TARGET_NAME)";
				SWIFT_EMIT_LOC_STRINGS = YES;
				SWIFT_VERSION = 5.0;
				TARGETED_DEVICE_FAMILY = "1,2";
			};
			name = Release;
		};
		3ADF1EB22E52CB7100264A08 /* Debug */ = {
			isa = XCBuildConfiguration;
			buildSettings = {
				BUNDLE_LOADER = "$(TEST_HOST)";
				CODE_SIGN_STYLE = Automatic;
				CURRENT_PROJECT_VERSION = 1;
				GENERATE_INFOPLIST_FILE = YES;
				IPHONEOS_DEPLOYMENT_TARGET = 18.2;
				MARKETING_VERSION = 1.0;
				PRODUCT_BUNDLE_IDENTIFIER = com.hans.FXBuggyTests;
				PRODUCT_NAME = "$(TARGET_NAME)";
				SWIFT_EMIT_LOC_STRINGS = NO;
				SWIFT_VERSION = 5.0;
				TARGETED_DEVICE_FAMILY = "1,2";
				TEST_HOST = "$(BUILT_PRODUCTS_DIR)/FXBuggy.app/$(BUNDLE_EXECUTABLE_FOLDER_PATH)/FXBuggy";
			};
			name = Debug;
		};
		3ADF1EB32E52CB7100264A08 /* Release */ = {
			isa = XCBuildConfiguration;
			buildSettings = {
				BUNDLE_LOADER = "$(TEST_HOST)";
				CODE_SIGN_STYLE = Automatic;
				CURRENT_PROJECT_VERSION = 1;
				GENERATE_INFOPLIST_FILE = YES;
				IPHONEOS_DEPLOYMENT_TARGET = 18.2;
				MARKETING_VERSION = 1.0;
				PRODUCT_BUNDLE_IDENTIFIER = com.hans.FXBuggyTests;
				PRODUCT_NAME = "$(TARGET_NAME)";
				SWIFT_EMIT_LOC_STRINGS = NO;
				SWIFT_VERSION = 5.0;
				TARGETED_DEVICE_FAMILY = "1,2";
				TEST_HOST = "$(BUILT_PRODUCTS_DIR)/FXBuggy.app/$(BUNDLE_EXECUTABLE_FOLDER_PATH)/FXBuggy";
			};
			name = Release;
		};
		3ADF1EB52E52CB7100264A08 /* Debug */ = {
			isa = XCBuildConfiguration;
			buildSettings = {
				CODE_SIGN_STYLE = Automatic;
				CURRENT_PROJECT_VERSION = 1;
				GENERATE_INFOPLIST_FILE = YES;
				MARKETING_VERSION = 1.0;
				PRODUCT_BUNDLE_IDENTIFIER = com.hans.FXBuggyUITests;
				PRODUCT_NAME = "$(TARGET_NAME)";
				SWIFT_EMIT_LOC_STRINGS = NO;
				SWIFT_VERSION = 5.0;
				TARGETED_DEVICE_FAMILY = "1,2";
				TEST_TARGET_NAME = FXBuggy;
			};
			name = Debug;
		};
		3ADF1EB62E52CB7100264A08 /* Release */ = {
			isa = XCBuildConfiguration;
			buildSettings = {
				CODE_SIGN_STYLE = Automatic;
				CURRENT_PROJECT_VERSION = 1;
				GENERATE_INFOPLIST_FILE = YES;
				MARKETING_VERSION = 1.0;
				PRODUCT_BUNDLE_IDENTIFIER = com.hans.FXBuggyUITests;
				PRODUCT_NAME = "$(TARGET_NAME)";
				SWIFT_EMIT_LOC_STRINGS = NO;
				SWIFT_VERSION = 5.0;
				TARGETED_DEVICE_FAMILY = "1,2";
				TEST_TARGET_NAME = FXBuggy;
			};
			name = Release;
		};
/* End XCBuildConfiguration section */

/* Begin XCConfigurationList section */
		3ADF1E852E52CB6F00264A08 /* Build configuration list for PBXProject "FXBuggy" */ = {
			isa = XCConfigurationList;
			buildConfigurations = (
				3ADF1EAC2E52CB7100264A08 /* Debug */,
				3ADF1EAD2E52CB7100264A08 /* Release */,
			);
			defaultConfigurationIsVisible = 0;
			defaultConfigurationName = Release;
		};
		3ADF1EAE2E52CB7100264A08 /* Build configuration list for PBXNativeTarget "FXBuggy" */ = {
			isa = XCConfigurationList;
			buildConfigurations = (
				3ADF1EAF2E52CB7100264A08 /* Debug */,
				3ADF1EB02E52CB7100264A08 /* Release */,
			);
			defaultConfigurationIsVisible = 0;
			defaultConfigurationName = Release;
		};
		3ADF1EB12E52CB7100264A08 /* Build configuration list for PBXNativeTarget "FXBuggyTests" */ = {
			isa = XCConfigurationList;
			buildConfigurations = (
				3ADF1EB22E52CB7100264A08 /* Debug */,
				3ADF1EB32E52CB7100264A08 /* Release */,
			);
			defaultConfigurationIsVisible = 0;
			defaultConfigurationName = Release;
		};
		3ADF1EB42E52CB7100264A08 /* Build configuration list for PBXNativeTarget "FXBuggyUITests" */ = {
			isa = XCConfigurationList;
			buildConfigurations = (
				3ADF1EB52E52CB7100264A08 /* Debug */,
				3ADF1EB62E52CB7100264A08 /* Release */,
			);
			defaultConfigurationIsVisible = 0;
			defaultConfigurationName = Release;
		};
/* End XCConfigurationList section */
	};
	rootObject = 3ADF1E822E52CB6E00264A08 /* Project object */;
}
